
Microsoft Visual Studio Solution File, Format Version 12.00
# Visual Studio Version 17
VisualStudioVersion = 17.0.32112.339
MinimumVisualStudioVersion = 10.0.40219.1
Project("{FAE04EC0-301F-11D3-BF4B-00C04F79EFBC}") = "Week!1Lab2", "Week!1Lab2.csproj", "{BDDF98C9-4250-4918-8589-4427E4A19F11}"
EndProject
Global
	GlobalSection(SolutionConfigurationPlatforms) = preSolution
		Debug|Any CPU = Debug|Any CPU
		Release|Any CPU = Release|Any CPU
	EndGlobalSection
	GlobalSection(ProjectConfigurationPlatforms) = postSolution
		{BDDF98C9-4250-4918-8589-4427E4A19F11}.Debug|Any CPU.ActiveCfg = Debug|Any CPU
		{BDDF98C9-4250-4918-8589-4427E4A19F11}.Debug|Any CPU.Build.0 = Debug|Any CPU
		{BDDF98C9-4250-4918-8589-4427E4A19F11}.Release|Any CPU.ActiveCfg = Release|Any CPU
		{BDDF98C9-4250-4918-8589-4427E4A19F11}.Release|Any CPU.Build.0 = Release|Any CPU
	EndGlobalSection
	GlobalSection(SolutionProperties) = preSolution
		HideSolutionNode = FALSE
	EndGlobalSection
	GlobalSection(ExtensibilityGlobals) = postSolution
		SolutionGuid = {C4F872F2-F2D4-4776-817B-88C0BC323013}
	EndGlobalSection
EndGlobal
